
Microsoft Visual Studio Solution File, Format Version 12.00
# Visual Studio 14
VisualStudioVersion = 14.0.25420.1
MinimumVisualStudioVersion = 10.0.40219.1
Project("{FAE04EC0-301F-11D3-BF4B-00C04F79EFBC}") = "Assemblify.Web", "Assemblify.Web\Assemblify.Web.csproj", "{B7917151-076E-458B-9BA7-5070CA2CDF1B}"
EndProject
Project("{FAE04EC0-301F-11D3-BF4B-00C04F79EFBC}") = "Assemblify.Services", "Assemblify.Services\Assemblify.Services.csproj", "{D88A855A-4EEC-4D3A-B2ED-E3D4683CEA7F}"
EndProject
Project("{FAE04EC0-301F-11D3-BF4B-00C04F79EFBC}") = "Assemblify.Data", "Assemblify.Data\Assemblify.Data.csproj", "{C9C93146-EF01-4E08-917B-919C52C934B4}"
EndProject
Project("{FAE04EC0-301F-11D3-BF4B-00C04F79EFBC}") = "Assemblify.Data.Models", "Assemblify.Data.Models\Assemblify.Data.Models.csproj", "{769F8F44-21F2-4374-997E-3DF923DCA05D}"
EndProject
Project("{FAE04EC0-301F-11D3-BF4B-00C04F79EFBC}") = "Assemblify.Common", "Assemblify.Common\Assemblify.Common.csproj", "{1D158BAF-97C1-4E33-AE26-3756ABD54BFD}"
EndProject
Project("{FAE04EC0-301F-11D3-BF4B-00C04F79EFBC}") = "Assemblify.Infrastructure", "Assemblify.Infrastructure\Assemblify.Infrastructure.csproj", "{57C7EEDA-8BA9-4B09-99DD-D6840584AD15}"
EndProject
Project("{FAE04EC0-301F-11D3-BF4B-00C04F79EFBC}") = "Assemblify.Web.Providers", "Assemblify.Web.Providers\Assemblify.Web.Providers.csproj", "{9D9DDCB3-C583-458E-B610-D60EB7428606}"
EndProject
Project("{FAE04EC0-301F-11D3-BF4B-00C04F79EFBC}") = "Assemblify.Web.Tests", "Assemblify.Web.Tests\Assemblify.Web.Tests.csproj", "{6F07E6FE-2C36-4B13-83FF-CD3A33D38274}"
EndProject
Project("{FAE04EC0-301F-11D3-BF4B-00C04F79EFBC}") = "Assemblify.Services.Tests", "Assemblify.Services.Tests\Assemblify.Services.Tests.csproj", "{74A7A68C-FED4-4F3E-AF26-C1DEB4241B3F}"
EndProject
Project("{FAE04EC0-301F-11D3-BF4B-00C04F79EFBC}") = "Assemblify.Web.Providers.Tests", "Assemblify.Web.Providers.Tests\Assemblify.Web.Providers.Tests.csproj", "{A64BE0A4-6E6F-4F38-90AF-A57A6F3BC078}"
EndProject
Global
	GlobalSection(SolutionConfigurationPlatforms) = preSolution
		Debug|Any CPU = Debug|Any CPU
		Release|Any CPU = Release|Any CPU
	EndGlobalSection
	GlobalSection(ProjectConfigurationPlatforms) = postSolution
		{B7917151-076E-458B-9BA7-5070CA2CDF1B}.Debug|Any CPU.ActiveCfg = Debug|Any CPU
		{B7917151-076E-458B-9BA7-5070CA2CDF1B}.Debug|Any CPU.Build.0 = Debug|Any CPU
		{B7917151-076E-458B-9BA7-5070CA2CDF1B}.Release|Any CPU.ActiveCfg = Release|Any CPU
		{B7917151-076E-458B-9BA7-5070CA2CDF1B}.Release|Any CPU.Build.0 = Release|Any CPU
		{D88A855A-4EEC-4D3A-B2ED-E3D4683CEA7F}.Debug|Any CPU.ActiveCfg = Debug|Any CPU
		{D88A855A-4EEC-4D3A-B2ED-E3D4683CEA7F}.Debug|Any CPU.Build.0 = Debug|Any CPU
		{D88A855A-4EEC-4D3A-B2ED-E3D4683CEA7F}.Release|Any CPU.ActiveCfg = Release|Any CPU
		{D88A855A-4EEC-4D3A-B2ED-E3D4683CEA7F}.Release|Any CPU.Build.0 = Release|Any CPU
		{C9C93146-EF01-4E08-917B-919C52C934B4}.Debug|Any CPU.ActiveCfg = Debug|Any CPU
		{C9C93146-EF01-4E08-917B-919C52C934B4}.Debug|Any CPU.Build.0 = Debug|Any CPU
		{C9C93146-EF01-4E08-917B-919C52C934B4}.Release|Any CPU.ActiveCfg = Release|Any CPU
		{C9C93146-EF01-4E08-917B-919C52C934B4}.Release|Any CPU.Build.0 = Release|Any CPU
		{769F8F44-21F2-4374-997E-3DF923DCA05D}.Debug|Any CPU.ActiveCfg = Debug|Any CPU
		{769F8F44-21F2-4374-997E-3DF923DCA05D}.Debug|Any CPU.Build.0 = Debug|Any CPU
		{769F8F44-21F2-4374-997E-3DF923DCA05D}.Release|Any CPU.ActiveCfg = Release|Any CPU
		{769F8F44-21F2-4374-997E-3DF923DCA05D}.Release|Any CPU.Build.0 = Release|Any CPU
		{1D158BAF-97C1-4E33-AE26-3756ABD54BFD}.Debug|Any CPU.ActiveCfg = Debug|Any CPU
		{1D158BAF-97C1-4E33-AE26-3756ABD54BFD}.Debug|Any CPU.Build.0 = Debug|Any CPU
		{1D158BAF-97C1-4E33-AE26-3756ABD54BFD}.Release|Any CPU.ActiveCfg = Release|Any CPU
		{1D158BAF-97C1-4E33-AE26-3756ABD54BFD}.Release|Any CPU.Build.0 = Release|Any CPU
		{57C7EEDA-8BA9-4B09-99DD-D6840584AD15}.Debug|Any CPU.ActiveCfg = Debug|Any CPU
		{57C7EEDA-8BA9-4B09-99DD-D6840584AD15}.Debug|Any CPU.Build.0 = Debug|Any CPU
		{57C7EEDA-8BA9-4B09-99DD-D6840584AD15}.Release|Any CPU.ActiveCfg = Release|Any CPU
		{57C7EEDA-8BA9-4B09-99DD-D6840584AD15}.Release|Any CPU.Build.0 = Release|Any CPU
		{9D9DDCB3-C583-458E-B610-D60EB7428606}.Debug|Any CPU.ActiveCfg = Debug|Any CPU
		{9D9DDCB3-C583-458E-B610-D60EB7428606}.Debug|Any CPU.Build.0 = Debug|Any CPU
		{9D9DDCB3-C583-458E-B610-D60EB7428606}.Release|Any CPU.ActiveCfg = Release|Any CPU
		{9D9DDCB3-C583-458E-B610-D60EB7428606}.Release|Any CPU.Build.0 = Release|Any CPU
		{6F07E6FE-2C36-4B13-83FF-CD3A33D38274}.Debug|Any CPU.ActiveCfg = Debug|Any CPU
		{6F07E6FE-2C36-4B13-83FF-CD3A33D38274}.Debug|Any CPU.Build.0 = Debug|Any CPU
		{6F07E6FE-2C36-4B13-83FF-CD3A33D38274}.Release|Any CPU.ActiveCfg = Release|Any CPU
		{6F07E6FE-2C36-4B13-83FF-CD3A33D38274}.Release|Any CPU.Build.0 = Release|Any CPU
		{74A7A68C-FED4-4F3E-AF26-C1DEB4241B3F}.Debug|Any CPU.ActiveCfg = Debug|Any CPU
		{74A7A68C-FED4-4F3E-AF26-C1DEB4241B3F}.Debug|Any CPU.Build.0 = Debug|Any CPU
		{74A7A68C-FED4-4F3E-AF26-C1DEB4241B3F}.Release|Any CPU.ActiveCfg = Release|Any CPU
		{74A7A68C-FED4-4F3E-AF26-C1DEB4241B3F}.Release|Any CPU.Build.0 = Release|Any CPU
		{A64BE0A4-6E6F-4F38-90AF-A57A6F3BC078}.Debug|Any CPU.ActiveCfg = Debug|Any CPU
		{A64BE0A4-6E6F-4F38-90AF-A57A6F3BC078}.Debug|Any CPU.Build.0 = Debug|Any CPU
		{A64BE0A4-6E6F-4F38-90AF-A57A6F3BC078}.Release|Any CPU.ActiveCfg = Release|Any CPU
		{A64BE0A4-6E6F-4F38-90AF-A57A6F3BC078}.Release|Any CPU.Build.0 = Release|Any CPU
	EndGlobalSection
	GlobalSection(SolutionProperties) = preSolution
		HideSolutionNode = FALSE
	EndGlobalSection
EndGlobal
